
Microsoft Visual Studio Solution File, Format Version 12.00
# Visual Studio Version 16
VisualStudioVersion = 16.0.31515.178
MinimumVisualStudioVersion = 10.0.40219.1
Project("{9A19103F-16F7-4668-BE54-9A1E7A4F7556}") = "ProjektAPBD.Server", "ProjektAPBD\Server\ProjektAPBD.Server.csproj", "{4C617F14-AD57-41A8-858A-253F9357B993}"
EndProject
Project("{9A19103F-16F7-4668-BE54-9A1E7A4F7556}") = "ProjektAPBD.Client", "ProjektAPBD\Client\ProjektAPBD.Client.csproj", "{B93536E4-6CE1-42F2-98AD-7CB69B7A016F}"
EndProject
Project("{9A19103F-16F7-4668-BE54-9A1E7A4F7556}") = "ProjektAPBD.Shared", "ProjektAPBD\Shared\ProjektAPBD.Shared.csproj", "{5F25B830-D170-4F39-952D-66693A71866B}"
EndProject
Global
	GlobalSection(SolutionConfigurationPlatforms) = preSolution
		Debug|Any CPU = Debug|Any CPU
		Release|Any CPU = Release|Any CPU
	EndGlobalSection
	GlobalSection(ProjectConfigurationPlatforms) = postSolution
		{4C617F14-AD57-41A8-858A-253F9357B993}.Debug|Any CPU.ActiveCfg = Debug|Any CPU
		{4C617F14-AD57-41A8-858A-253F9357B993}.Debug|Any CPU.Build.0 = Debug|Any CPU
		{4C617F14-AD57-41A8-858A-253F9357B993}.Release|Any CPU.ActiveCfg = Release|Any CPU
		{4C617F14-AD57-41A8-858A-253F9357B993}.Release|Any CPU.Build.0 = Release|Any CPU
		{B93536E4-6CE1-42F2-98AD-7CB69B7A016F}.Debug|Any CPU.ActiveCfg = Debug|Any CPU
		{B93536E4-6CE1-42F2-98AD-7CB69B7A016F}.Debug|Any CPU.Build.0 = Debug|Any CPU
		{B93536E4-6CE1-42F2-98AD-7CB69B7A016F}.Release|Any CPU.ActiveCfg = Release|Any CPU
		{B93536E4-6CE1-42F2-98AD-7CB69B7A016F}.Release|Any CPU.Build.0 = Release|Any CPU
		{5F25B830-D170-4F39-952D-66693A71866B}.Debug|Any CPU.ActiveCfg = Debug|Any CPU
		{5F25B830-D170-4F39-952D-66693A71866B}.Debug|Any CPU.Build.0 = Debug|Any CPU
		{5F25B830-D170-4F39-952D-66693A71866B}.Release|Any CPU.ActiveCfg = Release|Any CPU
		{5F25B830-D170-4F39-952D-66693A71866B}.Release|Any CPU.Build.0 = Release|Any CPU
	EndGlobalSection
	GlobalSection(SolutionProperties) = preSolution
		HideSolutionNode = FALSE
	EndGlobalSection
	GlobalSection(ExtensibilityGlobals) = postSolution
		SolutionGuid = {A7F58FB5-03BF-4AEE-8222-7CB1CC84987A}
	EndGlobalSection
EndGlobal
